// !$*UTF8*$!
{
	archiveVersion = 1;
	classes = {
	};
	objectVersion = 50;
	objects = {

/* Begin PBXBuildFile section */
		B315D5242712E28F0055B484 /* main.cpp in Sources */ = {isa = PBXBuildFile; fileRef = B315D5232712E28F0055B484 /* main.cpp */; };
		B315D52C2712E55B0055B484 /* OpenGL.framework in Frameworks */ = {isa = PBXBuildFile; fileRef = B315D52B2712E55B0055B484 /* OpenGL.framework */; };
		B315D52E2712E71F0055B484 /* libglfw.3.3.dylib in Frameworks */ = {isa = PBXBuildFile; fileRef = B315D52D2712E71F0055B484 /* libglfw.3.3.dylib */; };
		B315D5302712E7860055B484 /* glad.c in Sources */ = {isa = PBXBuildFile; fileRef = B315D52F2712E7860055B484 /* glad.c */; };
/* End PBXBuildFile section */

/* Begin PBXCopyFilesBuildPhase section */
		B315D51E2712E28F0055B484 /* CopyFiles */ = {
			isa = PBXCopyFilesBuildPhase;
			buildActionMask = 2147483647;
			dstPath = /usr/share/man/man1/;
			dstSubfolderSpec = 0;
			files = (
			);
			runOnlyForDeploymentPostprocessing = 1;
		};
/* End PBXCopyFilesBuildPhase section */

/* Begin PBXFileReference section */
		B315D5202712E28F0055B484 /* SimpleOpenGL */ = {isa = PBXFileReference; explicitFileType = "compiled.mach-o.executable"; includeInIndex = 0; path = SimpleOpenGL; sourceTree = BUILT_PRODUCTS_DIR; };
		B315D5232712E28F0055B484 /* main.cpp */ = {isa = PBXFileReference; lastKnownFileType = sourcecode.cpp.cpp; path = main.cpp; sourceTree = "<group>"; };
		B315D52B2712E55B0055B484 /* OpenGL.framework */ = {isa = PBXFileReference; lastKnownFileType = wrapper.framework; name = OpenGL.framework; path = System/Library/Frameworks/OpenGL.framework; sourceTree = SDKROOT; };
		B315D52D2712E71F0055B484 /* libglfw.3.3.dylib */ = {isa = PBXFileReference; lastKnownFileType = "compiled.mach-o.dylib"; name = libglfw.3.3.dylib; path = "../../../../../usr/local/dev/native_dependencies/glfw-3.3.4/BUILD/src/Debug/libglfw.3.3.dylib"; sourceTree = "<group>"; };
		B315D52F2712E7860055B484 /* glad.c */ = {isa = PBXFileReference; fileEncoding = 4; lastKnownFileType = sourcecode.c.c; name = glad.c; path = ../../../../../usr/local/dev/native_dependencies/glad/src/glad.c; sourceTree = "<group>"; };
/* End PBXFileReference section */

/* Begin PBXFrameworksBuildPhase section */
		B315D51D2712E28F0055B484 /* Frameworks */ = {
			isa = PBXFrameworksBuildPhase;
			buildActionMask = 2147483647;
			files = (
				B315D52E2712E71F0055B484 /* libglfw.3.3.dylib in Frameworks */,
				B315D52C2712E55B0055B484 /* OpenGL.framework in Frameworks */,
			);
			runOnlyForDeploymentPostprocessing = 0;
		};
/* End PBXFrameworksBuildPhase section */

/* Begin PBXGroup section */
		B315D5172712E28F0055B484 = {
			isa = PBXGroup;
			children = (
				B315D52F2712E7860055B484 /* glad.c */,
				B315D5222712E28F0055B484 /* SimpleOpenGL */,
				B315D5212712E28F0055B484 /* Products */,
				B315D52A2712E55A0055B484 /* Frameworks */,
			);
			sourceTree = "<group>";
		};
		B315D5212712E28F0055B484 /* Products */ = {
			isa = PBXGroup;
			children = (
				B315D5202712E28F0055B484 /* SimpleOpenGL */,
			);
			name = Products;
			sourceTree = "<group>";
		};
		B315D5222712E28F0055B484 /* SimpleOpenGL */ = {
			isa = PBXGroup;
			children = (
				B315D5232712E28F0055B484 /* main.cpp */,
			);
			path = SimpleOpenGL;
			sourceTree = "<group>";
		};
		B315D52A2712E55A0055B484 /* Frameworks */ = {
			isa = PBXGroup;
			children = (
				B315D52D2712E71F0055B484 /* libglfw.3.3.dylib */,
				B315D52B2712E55B0055B484 /* OpenGL.framework */,
			);
			name = Frameworks;
			sourceTree = "<group>";
		};
/* End PBXGroup section */

/* Begin PBXNativeTarget section */
		B315D51F2712E28F0055B484 /* SimpleOpenGL */ = {
			isa = PBXNativeTarget;
			buildConfigurationList = B315D5272712E28F0055B484 /* Build configuration list for PBXNativeTarget "SimpleOpenGL" */;
			buildPhases = (
				B315D51C2712E28F0055B484 /* Sources */,
				B315D51D2712E28F0055B484 /* Frameworks */,
				B315D51E2712E28F0055B484 /* CopyFiles */,
			);
			buildRules = (
			);
			dependencies = (
			);
			name = SimpleOpenGL;
			productName = SimpleOpenGL;
			productReference = B315D5202712E28F0055B484 /* SimpleOpenGL */;
			productType = "com.apple.product-type.tool";
		};
/* End PBXNativeTarget section */

/* Begin PBXProject section */
		B315D5182712E28F0055B484 /* Project object */ = {
			isa = PBXProject;
			attributes = {
				LastUpgradeCheck = 1120;
				ORGANIZATIONNAME = "Camilo Ocampo";
				TargetAttributes = {
					B315D51F2712E28F0055B484 = {
						CreatedOnToolsVersion = 11.2.1;
					};
				};
			};
			buildConfigurationList = B315D51B2712E28F0055B484 /* Build configuration list for PBXProject "SimpleOpenGL" */;
			compatibilityVersion = "Xcode 9.3";
			developmentRegion = en;
			hasScannedForEncodings = 0;
			knownRegions = (
				en,
				Base,
			);
			mainGroup = B315D5172712E28F0055B484;
			productRefGroup = B315D5212712E28F0055B484 /* Products */;
			projectDirPath = "";
			projectRoot = "";
			targets = (
				B315D51F2712E28F0055B484 /* SimpleOpenGL */,
			);
		};
/* End PBXProject section */

/* Begin PBXSourcesBuildPhase section */
		B315D51C2712E28F0055B484 /* Sources */ = {
			isa = PBXSourcesBuildPhase;
			buildActionMask = 2147483647;
			files = (
				B315D5242712E28F0055B484 /* main.cpp in Sources */,
				B315D5302712E7860055B484 /* glad.c in Sources */,
			);
			runOnlyForDeploymentPostprocessing = 0;
		};
/* End PBXSourcesBuildPhase section */

/* Begin XCBuildConfiguration section */
		B315D5252712E28F0055B484 /* Debug */ = {
			isa = XCBuildConfiguration;
			buildSettings = {
				ALWAYS_SEARCH_USER_PATHS = NO;
				CLANG_ANALYZER_NONNULL = YES;
				CLANG_ANALYZER_NUMBER_OBJECT_CONVERSION = YES_AGGRESSIVE;
				CLANG_CXX_LANGUAGE_STANDARD = "gnu++14";
				CLANG_CXX_LIBRARY = "libc++";
				CLANG_ENABLE_MODULES = YES;
				CLANG_ENABLE_OBJC_ARC = YES;
				CLANG_ENABLE_OBJC_WEAK = YES;
				CLANG_WARN_BLOCK_CAPTURE_AUTORELEASING = YES;
				CLANG_WARN_BOOL_CONVERSION = YES;
				CLANG_WARN_COMMA = YES;
				CLANG_WARN_CONSTANT_CONVERSION = YES;
				CLANG_WARN_DEPRECATED_OBJC_IMPLEMENTATIONS = YES;
				CLANG_WARN_DIRECT_OBJC_ISA_USAGE = YES_ERROR;
				CLANG_WARN_DOCUMENTATION_COMMENTS = YES;
				CLANG_WARN_EMPTY_BODY = YES;
				CLANG_WARN_ENUM_CONVERSION = YES;
				CLANG_WARN_INFINITE_RECURSION = YES;
				CLANG_WARN_INT_CONVERSION = YES;
				CLANG_WARN_NON_LITERAL_NULL_CONVERSION = YES;
				CLANG_WARN_OBJC_IMPLICIT_RETAIN_SELF = YES;
				CLANG_WARN_OBJC_LITERAL_CONVERSION = YES;
				CLANG_WARN_OBJC_ROOT_CLASS = YES_ERROR;
				CLANG_WARN_RANGE_LOOP_ANALYSIS = YES;
				CLANG_WARN_STRICT_PROTOTYPES = YES;
				CLANG_WARN_SUSPICIOUS_MOVE = YES;
				CLANG_WARN_UNGUARDED_AVAILABILITY = YES_AGGRESSIVE;
				CLANG_WARN_UNREACHABLE_CODE = YES;
				CLANG_WARN__DUPLICATE_METHOD_MATCH = YES;
				COPY_PHASE_STRIP = NO;
				DEBUG_INFORMATION_FORMAT = dwarf;
				ENABLE_STRICT_OBJC_MSGSEND = YES;
				ENABLE_TESTABILITY = YES;
				GCC_C_LANGUAGE_STANDARD = gnu11;
				GCC_DYNAMIC_NO_PIC = NO;
				GCC_NO_COMMON_BLOCKS = YES;
				GCC_OPTIMIZATION_LEVEL = 0;
				GCC_PREPROCESSOR_DEFINITIONS = (
					"DEBUG=1",
					"$(inherited)",
				);
				GCC_WARN_64_TO_32_BIT_CONVERSION = YES;
				GCC_WARN_ABOUT_RETURN_TYPE = YES_ERROR;
				GCC_WARN_UNDECLARED_SELECTOR = YES;
				GCC_WARN_UNINITIALIZED_AUTOS = YES_AGGRESSIVE;
				GCC_WARN_UNUSED_FUNCTION = YES;
				GCC_WARN_UNUSED_VARIABLE = YES;
				HEADER_SEARCH_PATHS = (
					"/usr/local/dev/native_dependencies/glfw-3.3.4/include",
					/usr/local/dev/native_dependencies/glad/include,
				);
				LIBRARY_SEARCH_PATHS = "/usr/local/dev/native_dependencies/glfw-3.3.4/BUILD/src";
				MACOSX_DEPLOYMENT_TARGET = 10.14;
				MTL_ENABLE_DEBUG_INFO = INCLUDE_SOURCE;
				MTL_FAST_MATH = YES;
				ONLY_ACTIVE_ARCH = YES;
				SDKROOT = macosx;
			};
			name = Debug;
		};
		B315D5262712E28F0055B484 /* Release */ = {
			isa = XCBuildConfiguration;
			buildSettings = {
				ALWAYS_SEARCH_USER_PATHS = NO;
				CLANG_ANALYZER_NONNULL = YES;
				CLANG_ANALYZER_NUMBER_OBJECT_CONVERSION = YES_AGGRESSIVE;
				CLANG_CXX_LANGUAGE_STANDARD = "gnu++14";
				CLANG_CXX_LIBRARY = "libc++";
				CLANG_ENABLE_MODULES = YES;
				CLANG_ENABLE_OBJC_ARC = YES;
				CLANG_ENABLE_OBJC_WEAK = YES;
				CLANG_WARN_BLOCK_CAPTURE_AUTORELEASING = YES;
				CLANG_WARN_BOOL_CONVERSION = YES;
				CLANG_WARN_COMMA = YES;
				CLANG_WARN_CONSTANT_CONVERSION = YES;
				CLANG_WARN_DEPRECATED_OBJC_IMPLEMENTATIONS = YES;
				CLANG_WARN_DIRECT_OBJC_ISA_USAGE = YES_ERROR;
				CLANG_WARN_DOCUMENTATION_COMMENTS = YES;
				CLANG_WARN_EMPTY_BODY = YES;
				CLANG_WARN_ENUM_CONVERSION = YES;
				CLANG_WARN_INFINITE_RECURSION = YES;
				CLANG_WARN_INT_CONVERSION = YES;
				CLANG_WARN_NON_LITERAL_NULL_CONVERSION = YES;
				CLANG_WARN_OBJC_IMPLICIT_RETAIN_SELF = YES;
				CLANG_WARN_OBJC_LITERAL_CONVERSION = YES;
				CLANG_WARN_OBJC_ROOT_CLASS = YES_ERROR;
				CLANG_WARN_RANGE_LOOP_ANALYSIS = YES;
				CLANG_WARN_STRICT_PROTOTYPES = YES;
				CLANG_WARN_SUSPICIOUS_MOVE = YES;
				CLANG_WARN_UNGUARDED_AVAILABILITY = YES_AGGRESSIVE;
				CLANG_WARN_UNREACHABLE_CODE = YES;
				CLANG_WARN__DUPLICATE_METHOD_MATCH = YES;
				COPY_PHASE_STRIP = NO;
				DEBUG_INFORMATION_FORMAT = "dwarf-with-dsym";
				ENABLE_NS_ASSERTIONS = NO;
				ENABLE_STRICT_OBJC_MSGSEND = YES;
				GCC_C_LANGUAGE_STANDARD = gnu11;
				GCC_NO_COMMON_BLOCKS = YES;
				GCC_WARN_64_TO_32_BIT_CONVERSION = YES;
				GCC_WARN_ABOUT_RETURN_TYPE = YES_ERROR;
				GCC_WARN_UNDECLARED_SELECTOR = YES;
				GCC_WARN_UNINITIALIZED_AUTOS = YES_AGGRESSIVE;
				GCC_WARN_UNUSED_FUNCTION = YES;
				GCC_WARN_UNUSED_VARIABLE = YES;
				HEADER_SEARCH_PATHS = (
					"/usr/local/dev/native_dependencies/glfw-3.3.4/include",
					/usr/local/dev/native_dependencies/glad/include,
				);
				LIBRARY_SEARCH_PATHS = "/usr/local/dev/native_dependencies/glfw-3.3.4/BUILD/src";
				MACOSX_DEPLOYMENT_TARGET = 10.14;
				MTL_ENABLE_DEBUG_INFO = NO;
				MTL_FAST_MATH = YES;
				SDKROOT = macosx;
			};
			name = Release;
		};
		B315D5282712E28F0055B484 /* Debug */ = {
			isa = XCBuildConfiguration;
			buildSettings = {
				CODE_SIGN_STYLE = Automatic;
				LIBRARY_SEARCH_PATHS = (
					"$(inherited)",
					"/usr/local/dev/native_dependencies/glfw-3.3.4/BUILD/src/Debug",
				);
				PRODUCT_NAME = "$(TARGET_NAME)";
			};
			name = Debug;
		};
		B315D5292712E28F0055B484 /* Release */ = {
			isa = XCBuildConfiguration;
			buildSettings = {
				CODE_SIGN_STYLE = Automatic;
				LIBRARY_SEARCH_PATHS = (
					"$(inherited)",
					"/usr/local/dev/native_dependencies/glfw-3.3.4/BUILD/src/Debug",
				);
				PRODUCT_NAME = "$(TARGET_NAME)";
			};
			name = Release;
		};
/* End XCBuildConfiguration section */

/* Begin XCConfigurationList section */
		B315D51B2712E28F0055B484 /* Build configuration list for PBXProject "SimpleOpenGL" */ = {
			isa = XCConfigurationList;
			buildConfigurations = (
				B315D5252712E28F0055B484 /* Debug */,
				B315D5262712E28F0055B484 /* Release */,
			);
			defaultConfigurationIsVisible = 0;
			defaultConfigurationName = Release;
		};
		B315D5272712E28F0055B484 /* Build configuration list for PBXNativeTarget "SimpleOpenGL" */ = {
			isa = XCConfigurationList;
			buildConfigurations = (
				B315D5282712E28F0055B484 /* Debug */,
				B315D5292712E28F0055B484 /* Release */,
			);
			defaultConfigurationIsVisible = 0;
			defaultConfigurationName = Release;
		};
/* End XCConfigurationList section */
	};
	rootObject = B315D5182712E28F0055B484 /* Project object */;
}
